<?xml version="1.0" encoding="utf-8"?>
<Project ToolsVersion="4.0" xmlns="http://schemas.microsoft.com/developer/msbuild/2003">
  <ItemGroup>
    <Filter Include="Source Files">
      <UniqueIdentifier>{4FC737F1-C7A5-4376-A066-2A32D752A2FF}</UniqueIdentifier>
      <Extensions>cpp;c;cc;cxx;def;odl;idl;hpj;bat;asm;asmx</Extensions>
    </Filter>
    <Filter Include="Header Files">
      <UniqueIdentifier>{93995380-89BD-4b04-88EB-625FBE52EBFB}</UniqueIdentifier>
      <Extensions>h;hh;hpp;hxx;hm;inl;inc;xsd</Extensions>
    </Filter>
    <Filter Include="Resource Files">
      <UniqueIdentifier>{67DA6AB6-F800-4c08-8B7A-83BB121AAD01}</UniqueIdentifier>
      <Extensions>rc;ico;cur;bmp;dlg;rc2;rct;bin;rgs;gif;jpg;jpeg;jpe;resx;tiff;tif;png;wav;mfcribbon-ms</Extensions>
    </Filter>
    <Filter Include="Source Files\0 Naive Prototype">
      <UniqueIdentifier>{690249cc-bb4e-4a67-b78d-91d565224e6a}</UniqueIdentifier>
    </Filter>
    <Filter Include="Source Files\1 Prototype Factory">
      <UniqueIdentifier>{c1a2ab13-9fa1-4f8f-89e9-753738c1af95}</UniqueIdentifier>
    </Filter>
    <Filter Include="Source Files\2 Boost Serialization">
      <UniqueIdentifier>{1eab66ac-009b-4284-a5ce-a57d1a424cef}</UniqueIdentifier>
    </Filter>
  </ItemGroup>
  <ItemGroup>
    <Text Include="SUMMARY.txt" />
  </ItemGroup>
  <ItemGroup>
    <ClCompile Include="3 Prototype.cpp">
      <Filter>Source Files</Filter>
    </ClCompile>
    <ClCompile Include="PrototypeFactory.cpp">
      <Filter>Source Files\1 Prototype Factory</Filter>
    </ClCompile>
    <ClCompile Include="NaivePrototype.cpp">
      <Filter>Source Files\0 Naive Prototype</Filter>
    </ClCompile>
    <ClCompile Include="PrototypeFactorySerialization.cpp">
      <Filter>Source Files\2 Boost Serialization</Filter>
    </ClCompile>
  </ItemGroup>
</Project>