
Microsoft Visual Studio Solution File, Format Version 12.00
# Visual Studio 14
VisualStudioVersion = 14.0.25420.1
MinimumVisualStudioVersion = 10.0.40219.1
Project("{8BC9CEB8-8B4A-11D0-8D11-00A0C91BC942}") = "0 SOLID", "0 SOLID\0 SOLID.vcxproj", "{26E5EEBA-E6BB-4649-A4CD-C80035A7A22C}"
EndProject
Project("{8BC9CEB8-8B4A-11D0-8D11-00A0C91BC942}") = "1 Builder", "1 Builder\1 Builder.vcxproj", "{38CB81D2-08F3-4E35-ADAB-7D421A72BB23}"
EndProject
Project("{8BC9CEB8-8B4A-11D0-8D11-00A0C91BC942}") = "2 Factories", "2 Factories\2 Factories.vcxproj", "{C6E7189A-064A-41EA-8291-A198E42EFD3A}"
EndProject
Project("{8BC9CEB8-8B4A-11D0-8D11-00A0C91BC942}") = "3 Prototype", "3 Prototype\3 Prototype.vcxproj", "{AC089E2C-3EFE-4FC9-A972-A01E946B6FF8}"
EndProject
Project("{8BC9CEB8-8B4A-11D0-8D11-00A0C91BC942}") = "4 Singleton", "4 Singleton\4 Singleton.vcxproj", "{494DFA65-6825-42DB-BFDA-69CB16BB0F06}"
EndProject
Project("{2150E333-8FDC-42A3-9474-1A3956D46DE8}") = "1 Creational", "1 Creational", "{2D769E3C-BEDD-497C-B0A3-8FAA08D0BF8E}"
EndProject
Project("{2150E333-8FDC-42A3-9474-1A3956D46DE8}") = "2 Structural", "2 Structural", "{C897D712-3229-40D8-804E-60425C7ECC23}"
EndProject
Project("{8BC9CEB8-8B4A-11D0-8D11-00A0C91BC942}") = "1 Adapter", "1 Adapter\1 Adapter.vcxproj", "{8D50A82E-53FD-41E7-BF52-1FB016E015F7}"
EndProject
Project("{8BC9CEB8-8B4A-11D0-8D11-00A0C91BC942}") = "2 Bridge", "2 Bridge\2 Bridge.vcxproj", "{4F079FAF-82AC-4473-B27B-680D70702C8E}"
EndProject
Project("{2150E333-8FDC-42A3-9474-1A3956D46DE8}") = "0 SOLID Principles", "0 SOLID Principles", "{E70F96C9-928A-4292-A117-96FF9C10C8CA}"
EndProject
Project("{8BC9CEB8-8B4A-11D0-8D11-00A0C91BC942}") = "3 Composite", "3 Composite\3 Composite.vcxproj", "{92C9FBA8-4605-4C35-BE48-BAB6234A7CA2}"
EndProject
Project("{8BC9CEB8-8B4A-11D0-8D11-00A0C91BC942}") = "4 Decorator", "4 Decorator\4 Decorator.vcxproj", "{2544DA7C-7002-45E1-B03B-5CEAFFA51D3B}"
EndProject
Project("{8BC9CEB8-8B4A-11D0-8D11-00A0C91BC942}") = "5 Facade", "5 Facade\5 Facade.vcxproj", "{4AE548D7-6A61-448F-A9E8-CBE5E90E5159}"
EndProject
Project("{8BC9CEB8-8B4A-11D0-8D11-00A0C91BC942}") = "6 Flyweight", "6 Flyweight\6 Flyweight.vcxproj", "{347CDC84-08E7-4DD1-ABAA-5056C0D5944D}"
EndProject
Project("{8BC9CEB8-8B4A-11D0-8D11-00A0C91BC942}") = "7 Null Object", "7 Null Object\7 Null Object.vcxproj", "{BBEEF1A3-14F6-4EE6-AB40-8D1EB60F8A57}"
EndProject
Project("{8BC9CEB8-8B4A-11D0-8D11-00A0C91BC942}") = "8 Proxy", "8 Proxy\8 Proxy.vcxproj", "{A577A9E3-F7B3-4E90-8E72-F0730CE5FAD5}"
EndProject
Project("{2150E333-8FDC-42A3-9474-1A3956D46DE8}") = "3 Behavioral", "3 Behavioral", "{E72BA56A-BD88-4E4C-A464-1C9EB6FAE8B7}"
EndProject
Project("{8BC9CEB8-8B4A-11D0-8D11-00A0C91BC942}") = "1 Chain Of Responsibility", "1 Chain Of Responsibility\1 Chain Of Responsibility.vcxproj", "{863E8D38-C72F-4D5A-AAA7-B64A5E89C359}"
EndProject
Project("{8BC9CEB8-8B4A-11D0-8D11-00A0C91BC942}") = "2 Command", "2 Command\2 Command.vcxproj", "{2FC5ECD4-B573-413E-802D-0B27A79830FC}"
EndProject
Project("{8BC9CEB8-8B4A-11D0-8D11-00A0C91BC942}") = "3 Interpreter", "3 Interpreter\3 Interpreter.vcxproj", "{4C194704-A6A6-4B7A-A394-223A93CB4990}"
EndProject
Project("{8BC9CEB8-8B4A-11D0-8D11-00A0C91BC942}") = "4 Iterator", "4 Iterator\4 Iterator.vcxproj", "{49813576-A334-4E34-9FFE-B6EB6342B162}"
EndProject
Project("{8BC9CEB8-8B4A-11D0-8D11-00A0C91BC942}") = "5 Mediator", "5 Mediator\5 Mediator.vcxproj", "{4D3FD407-5143-481B-B2FC-6BAD7EE12F3D}"
EndProject
Project("{8BC9CEB8-8B4A-11D0-8D11-00A0C91BC942}") = "6 Memento", "6 Memento\6 Memento.vcxproj", "{6C4512DD-C737-4421-BA54-A9EF8D6EC432}"
EndProject
Project("{8BC9CEB8-8B4A-11D0-8D11-00A0C91BC942}") = "7 Observer", "7 Observer\7 Observer.vcxproj", "{155FFFFF-F58C-4620-822E-E901C8CC36AB}"
EndProject
Project("{8BC9CEB8-8B4A-11D0-8D11-00A0C91BC942}") = "8 State", "8 State\8 State.vcxproj", "{0FF939AA-A8C5-472A-BDA3-85153E08192C}"
EndProject
Project("{8BC9CEB8-8B4A-11D0-8D11-00A0C91BC942}") = "9 Strategy", "9 Strategy\9 Strategy.vcxproj", "{507C4E1E-A7ED-4545-98A5-CEA54A689C20}"
EndProject
Project("{8BC9CEB8-8B4A-11D0-8D11-00A0C91BC942}") = "9x 10 Template Method", "9x 10 Template Method\9x 10 Template Method.vcxproj", "{CD79F3AF-EC0B-4A7F-9172-B91EBDC34B13}"
EndProject
Project("{8BC9CEB8-8B4A-11D0-8D11-00A0C91BC942}") = "9x 11 Visitor", "9x 11 Visitor\9x 11 Visitor.vcxproj", "{B3D96E32-4F1D-44EF-A153-5A5BD32727FA}"
EndProject
Global
	GlobalSection(SolutionConfigurationPlatforms) = preSolution
		Debug|x64 = Debug|x64
		Debug|x86 = Debug|x86
		Release|x64 = Release|x64
		Release|x86 = Release|x86
	EndGlobalSection
	GlobalSection(ProjectConfigurationPlatforms) = postSolution
		{26E5EEBA-E6BB-4649-A4CD-C80035A7A22C}.Debug|x64.ActiveCfg = Debug|x64
		{26E5EEBA-E6BB-4649-A4CD-C80035A7A22C}.Debug|x64.Build.0 = Debug|x64
		{26E5EEBA-E6BB-4649-A4CD-C80035A7A22C}.Debug|x86.ActiveCfg = Debug|Win32
		{26E5EEBA-E6BB-4649-A4CD-C80035A7A22C}.Debug|x86.Build.0 = Debug|Win32
		{26E5EEBA-E6BB-4649-A4CD-C80035A7A22C}.Release|x64.ActiveCfg = Release|x64
		{26E5EEBA-E6BB-4649-A4CD-C80035A7A22C}.Release|x64.Build.0 = Release|x64
		{26E5EEBA-E6BB-4649-A4CD-C80035A7A22C}.Release|x86.ActiveCfg = Release|Win32
		{26E5EEBA-E6BB-4649-A4CD-C80035A7A22C}.Release|x86.Build.0 = Release|Win32
		{38CB81D2-08F3-4E35-ADAB-7D421A72BB23}.Debug|x64.ActiveCfg = Debug|x64
		{38CB81D2-08F3-4E35-ADAB-7D421A72BB23}.Debug|x64.Build.0 = Debug|x64
		{38CB81D2-08F3-4E35-ADAB-7D421A72BB23}.Debug|x86.ActiveCfg = Debug|Win32
		{38CB81D2-08F3-4E35-ADAB-7D421A72BB23}.Debug|x86.Build.0 = Debug|Win32
		{38CB81D2-08F3-4E35-ADAB-7D421A72BB23}.Release|x64.ActiveCfg = Release|x64
		{38CB81D2-08F3-4E35-ADAB-7D421A72BB23}.Release|x64.Build.0 = Release|x64
		{38CB81D2-08F3-4E35-ADAB-7D421A72BB23}.Release|x86.ActiveCfg = Release|Win32
		{38CB81D2-08F3-4E35-ADAB-7D421A72BB23}.Release|x86.Build.0 = Release|Win32
		{C6E7189A-064A-41EA-8291-A198E42EFD3A}.Debug|x64.ActiveCfg = Debug|x64
		{C6E7189A-064A-41EA-8291-A198E42EFD3A}.Debug|x64.Build.0 = Debug|x64
		{C6E7189A-064A-41EA-8291-A198E42EFD3A}.Debug|x86.ActiveCfg = Debug|Win32
		{C6E7189A-064A-41EA-8291-A198E42EFD3A}.Debug|x86.Build.0 = Debug|Win32
		{C6E7189A-064A-41EA-8291-A198E42EFD3A}.Release|x64.ActiveCfg = Release|x64
		{C6E7189A-064A-41EA-8291-A198E42EFD3A}.Release|x64.Build.0 = Release|x64
		{C6E7189A-064A-41EA-8291-A198E42EFD3A}.Release|x86.ActiveCfg = Release|Win32
		{C6E7189A-064A-41EA-8291-A198E42EFD3A}.Release|x86.Build.0 = Release|Win32
		{AC089E2C-3EFE-4FC9-A972-A01E946B6FF8}.Debug|x64.ActiveCfg = Debug|x64
		{AC089E2C-3EFE-4FC9-A972-A01E946B6FF8}.Debug|x64.Build.0 = Debug|x64
		{AC089E2C-3EFE-4FC9-A972-A01E946B6FF8}.Debug|x86.ActiveCfg = Debug|Win32
		{AC089E2C-3EFE-4FC9-A972-A01E946B6FF8}.Debug|x86.Build.0 = Debug|Win32
		{AC089E2C-3EFE-4FC9-A972-A01E946B6FF8}.Release|x64.ActiveCfg = Release|x64
		{AC089E2C-3EFE-4FC9-A972-A01E946B6FF8}.Release|x64.Build.0 = Release|x64
		{AC089E2C-3EFE-4FC9-A972-A01E946B6FF8}.Release|x86.ActiveCfg = Release|Win32
		{AC089E2C-3EFE-4FC9-A972-A01E946B6FF8}.Release|x86.Build.0 = Release|Win32
		{494DFA65-6825-42DB-BFDA-69CB16BB0F06}.Debug|x64.ActiveCfg = Debug|x64
		{494DFA65-6825-42DB-BFDA-69CB16BB0F06}.Debug|x64.Build.0 = Debug|x64
		{494DFA65-6825-42DB-BFDA-69CB16BB0F06}.Debug|x86.ActiveCfg = Debug|Win32
		{494DFA65-6825-42DB-BFDA-69CB16BB0F06}.Debug|x86.Build.0 = Debug|Win32
		{494DFA65-6825-42DB-BFDA-69CB16BB0F06}.Release|x64.ActiveCfg = Release|x64
		{494DFA65-6825-42DB-BFDA-69CB16BB0F06}.Release|x64.Build.0 = Release|x64
		{494DFA65-6825-42DB-BFDA-69CB16BB0F06}.Release|x86.ActiveCfg = Release|Win32
		{494DFA65-6825-42DB-BFDA-69CB16BB0F06}.Release|x86.Build.0 = Release|Win32
		{8D50A82E-53FD-41E7-BF52-1FB016E015F7}.Debug|x64.ActiveCfg = Debug|x64
		{8D50A82E-53FD-41E7-BF52-1FB016E015F7}.Debug|x64.Build.0 = Debug|x64
		{8D50A82E-53FD-41E7-BF52-1FB016E015F7}.Debug|x86.ActiveCfg = Debug|Win32
		{8D50A82E-53FD-41E7-BF52-1FB016E015F7}.Debug|x86.Build.0 = Debug|Win32
		{8D50A82E-53FD-41E7-BF52-1FB016E015F7}.Release|x64.ActiveCfg = Release|x64
		{8D50A82E-53FD-41E7-BF52-1FB016E015F7}.Release|x64.Build.0 = Release|x64
		{8D50A82E-53FD-41E7-BF52-1FB016E015F7}.Release|x86.ActiveCfg = Release|Win32
		{8D50A82E-53FD-41E7-BF52-1FB016E015F7}.Release|x86.Build.0 = Release|Win32
		{4F079FAF-82AC-4473-B27B-680D70702C8E}.Debug|x64.ActiveCfg = Debug|x64
		{4F079FAF-82AC-4473-B27B-680D70702C8E}.Debug|x64.Build.0 = Debug|x64
		{4F079FAF-82AC-4473-B27B-680D70702C8E}.Debug|x86.ActiveCfg = Debug|Win32
		{4F079FAF-82AC-4473-B27B-680D70702C8E}.Debug|x86.Build.0 = Debug|Win32
		{4F079FAF-82AC-4473-B27B-680D70702C8E}.Release|x64.ActiveCfg = Release|x64
		{4F079FAF-82AC-4473-B27B-680D70702C8E}.Release|x64.Build.0 = Release|x64
		{4F079FAF-82AC-4473-B27B-680D70702C8E}.Release|x86.ActiveCfg = Release|Win32
		{4F079FAF-82AC-4473-B27B-680D70702C8E}.Release|x86.Build.0 = Release|Win32
		{92C9FBA8-4605-4C35-BE48-BAB6234A7CA2}.Debug|x64.ActiveCfg = Debug|x64
		{92C9FBA8-4605-4C35-BE48-BAB6234A7CA2}.Debug|x64.Build.0 = Debug|x64
		{92C9FBA8-4605-4C35-BE48-BAB6234A7CA2}.Debug|x86.ActiveCfg = Debug|Win32
		{92C9FBA8-4605-4C35-BE48-BAB6234A7CA2}.Debug|x86.Build.0 = Debug|Win32
		{92C9FBA8-4605-4C35-BE48-BAB6234A7CA2}.Release|x64.ActiveCfg = Release|x64
		{92C9FBA8-4605-4C35-BE48-BAB6234A7CA2}.Release|x64.Build.0 = Release|x64
		{92C9FBA8-4605-4C35-BE48-BAB6234A7CA2}.Release|x86.ActiveCfg = Release|Win32
		{92C9FBA8-4605-4C35-BE48-BAB6234A7CA2}.Release|x86.Build.0 = Release|Win32
		{2544DA7C-7002-45E1-B03B-5CEAFFA51D3B}.Debug|x64.ActiveCfg = Debug|x64
		{2544DA7C-7002-45E1-B03B-5CEAFFA51D3B}.Debug|x64.Build.0 = Debug|x64
		{2544DA7C-7002-45E1-B03B-5CEAFFA51D3B}.Debug|x86.ActiveCfg = Debug|Win32
		{2544DA7C-7002-45E1-B03B-5CEAFFA51D3B}.Debug|x86.Build.0 = Debug|Win32
		{2544DA7C-7002-45E1-B03B-5CEAFFA51D3B}.Release|x64.ActiveCfg = Release|x64
		{2544DA7C-7002-45E1-B03B-5CEAFFA51D3B}.Release|x64.Build.0 = Release|x64
		{2544DA7C-7002-45E1-B03B-5CEAFFA51D3B}.Release|x86.ActiveCfg = Release|Win32
		{2544DA7C-7002-45E1-B03B-5CEAFFA51D3B}.Release|x86.Build.0 = Release|Win32
		{4AE548D7-6A61-448F-A9E8-CBE5E90E5159}.Debug|x64.ActiveCfg = Debug|x64
		{4AE548D7-6A61-448F-A9E8-CBE5E90E5159}.Debug|x64.Build.0 = Debug|x64
		{4AE548D7-6A61-448F-A9E8-CBE5E90E5159}.Debug|x86.ActiveCfg = Debug|Win32
		{4AE548D7-6A61-448F-A9E8-CBE5E90E5159}.Debug|x86.Build.0 = Debug|Win32
		{4AE548D7-6A61-448F-A9E8-CBE5E90E5159}.Release|x64.ActiveCfg = Release|x64
		{4AE548D7-6A61-448F-A9E8-CBE5E90E5159}.Release|x64.Build.0 = Release|x64
		{4AE548D7-6A61-448F-A9E8-CBE5E90E5159}.Release|x86.ActiveCfg = Release|Win32
		{4AE548D7-6A61-448F-A9E8-CBE5E90E5159}.Release|x86.Build.0 = Release|Win32
		{347CDC84-08E7-4DD1-ABAA-5056C0D5944D}.Debug|x64.ActiveCfg = Debug|x64
		{347CDC84-08E7-4DD1-ABAA-5056C0D5944D}.Debug|x64.Build.0 = Debug|x64
		{347CDC84-08E7-4DD1-ABAA-5056C0D5944D}.Debug|x86.ActiveCfg = Debug|Win32
		{347CDC84-08E7-4DD1-ABAA-5056C0D5944D}.Debug|x86.Build.0 = Debug|Win32
		{347CDC84-08E7-4DD1-ABAA-5056C0D5944D}.Release|x64.ActiveCfg = Release|x64
		{347CDC84-08E7-4DD1-ABAA-5056C0D5944D}.Release|x64.Build.0 = Release|x64
		{347CDC84-08E7-4DD1-ABAA-5056C0D5944D}.Release|x86.ActiveCfg = Release|Win32
		{347CDC84-08E7-4DD1-ABAA-5056C0D5944D}.Release|x86.Build.0 = Release|Win32
		{BBEEF1A3-14F6-4EE6-AB40-8D1EB60F8A57}.Debug|x64.ActiveCfg = Debug|x64
		{BBEEF1A3-14F6-4EE6-AB40-8D1EB60F8A57}.Debug|x64.Build.0 = Debug|x64
		{BBEEF1A3-14F6-4EE6-AB40-8D1EB60F8A57}.Debug|x86.ActiveCfg = Debug|Win32
		{BBEEF1A3-14F6-4EE6-AB40-8D1EB60F8A57}.Debug|x86.Build.0 = Debug|Win32
		{BBEEF1A3-14F6-4EE6-AB40-8D1EB60F8A57}.Release|x64.ActiveCfg = Release|x64
		{BBEEF1A3-14F6-4EE6-AB40-8D1EB60F8A57}.Release|x64.Build.0 = Release|x64
		{BBEEF1A3-14F6-4EE6-AB40-8D1EB60F8A57}.Release|x86.ActiveCfg = Release|Win32
		{BBEEF1A3-14F6-4EE6-AB40-8D1EB60F8A57}.Release|x86.Build.0 = Release|Win32
		{A577A9E3-F7B3-4E90-8E72-F0730CE5FAD5}.Debug|x64.ActiveCfg = Debug|x64
		{A577A9E3-F7B3-4E90-8E72-F0730CE5FAD5}.Debug|x64.Build.0 = Debug|x64
		{A577A9E3-F7B3-4E90-8E72-F0730CE5FAD5}.Debug|x86.ActiveCfg = Debug|Win32
		{A577A9E3-F7B3-4E90-8E72-F0730CE5FAD5}.Debug|x86.Build.0 = Debug|Win32
		{A577A9E3-F7B3-4E90-8E72-F0730CE5FAD5}.Release|x64.ActiveCfg = Release|x64
		{A577A9E3-F7B3-4E90-8E72-F0730CE5FAD5}.Release|x64.Build.0 = Release|x64
		{A577A9E3-F7B3-4E90-8E72-F0730CE5FAD5}.Release|x86.ActiveCfg = Release|Win32
		{A577A9E3-F7B3-4E90-8E72-F0730CE5FAD5}.Release|x86.Build.0 = Release|Win32
		{863E8D38-C72F-4D5A-AAA7-B64A5E89C359}.Debug|x64.ActiveCfg = Debug|x64
		{863E8D38-C72F-4D5A-AAA7-B64A5E89C359}.Debug|x64.Build.0 = Debug|x64
		{863E8D38-C72F-4D5A-AAA7-B64A5E89C359}.Debug|x86.ActiveCfg = Debug|Win32
		{863E8D38-C72F-4D5A-AAA7-B64A5E89C359}.Debug|x86.Build.0 = Debug|Win32
		{863E8D38-C72F-4D5A-AAA7-B64A5E89C359}.Release|x64.ActiveCfg = Release|x64
		{863E8D38-C72F-4D5A-AAA7-B64A5E89C359}.Release|x64.Build.0 = Release|x64
		{863E8D38-C72F-4D5A-AAA7-B64A5E89C359}.Release|x86.ActiveCfg = Release|Win32
		{863E8D38-C72F-4D5A-AAA7-B64A5E89C359}.Release|x86.Build.0 = Release|Win32
		{2FC5ECD4-B573-413E-802D-0B27A79830FC}.Debug|x64.ActiveCfg = Debug|x64
		{2FC5ECD4-B573-413E-802D-0B27A79830FC}.Debug|x64.Build.0 = Debug|x64
		{2FC5ECD4-B573-413E-802D-0B27A79830FC}.Debug|x86.ActiveCfg = Debug|Win32
		{2FC5ECD4-B573-413E-802D-0B27A79830FC}.Debug|x86.Build.0 = Debug|Win32
		{2FC5ECD4-B573-413E-802D-0B27A79830FC}.Release|x64.ActiveCfg = Release|x64
		{2FC5ECD4-B573-413E-802D-0B27A79830FC}.Release|x64.Build.0 = Release|x64
		{2FC5ECD4-B573-413E-802D-0B27A79830FC}.Release|x86.ActiveCfg = Release|Win32
		{2FC5ECD4-B573-413E-802D-0B27A79830FC}.Release|x86.Build.0 = Release|Win32
		{4C194704-A6A6-4B7A-A394-223A93CB4990}.Debug|x64.ActiveCfg = Debug|x64
		{4C194704-A6A6-4B7A-A394-223A93CB4990}.Debug|x64.Build.0 = Debug|x64
		{4C194704-A6A6-4B7A-A394-223A93CB4990}.Debug|x86.ActiveCfg = Debug|Win32
		{4C194704-A6A6-4B7A-A394-223A93CB4990}.Debug|x86.Build.0 = Debug|Win32
		{4C194704-A6A6-4B7A-A394-223A93CB4990}.Release|x64.ActiveCfg = Release|x64
		{4C194704-A6A6-4B7A-A394-223A93CB4990}.Release|x64.Build.0 = Release|x64
		{4C194704-A6A6-4B7A-A394-223A93CB4990}.Release|x86.ActiveCfg = Release|Win32
		{4C194704-A6A6-4B7A-A394-223A93CB4990}.Release|x86.Build.0 = Release|Win32
		{49813576-A334-4E34-9FFE-B6EB6342B162}.Debug|x64.ActiveCfg = Debug|x64
		{49813576-A334-4E34-9FFE-B6EB6342B162}.Debug|x64.Build.0 = Debug|x64
		{49813576-A334-4E34-9FFE-B6EB6342B162}.Debug|x86.ActiveCfg = Debug|Win32
		{49813576-A334-4E34-9FFE-B6EB6342B162}.Debug|x86.Build.0 = Debug|Win32
		{49813576-A334-4E34-9FFE-B6EB6342B162}.Release|x64.ActiveCfg = Release|x64
		{49813576-A334-4E34-9FFE-B6EB6342B162}.Release|x64.Build.0 = Release|x64
		{49813576-A334-4E34-9FFE-B6EB6342B162}.Release|x86.ActiveCfg = Release|Win32
		{49813576-A334-4E34-9FFE-B6EB6342B162}.Release|x86.Build.0 = Release|Win32
		{4D3FD407-5143-481B-B2FC-6BAD7EE12F3D}.Debug|x64.ActiveCfg = Debug|x64
		{4D3FD407-5143-481B-B2FC-6BAD7EE12F3D}.Debug|x64.Build.0 = Debug|x64
		{4D3FD407-5143-481B-B2FC-6BAD7EE12F3D}.Debug|x86.ActiveCfg = Debug|Win32
		{4D3FD407-5143-481B-B2FC-6BAD7EE12F3D}.Debug|x86.Build.0 = Debug|Win32
		{4D3FD407-5143-481B-B2FC-6BAD7EE12F3D}.Release|x64.ActiveCfg = Release|x64
		{4D3FD407-5143-481B-B2FC-6BAD7EE12F3D}.Release|x64.Build.0 = Release|x64
		{4D3FD407-5143-481B-B2FC-6BAD7EE12F3D}.Release|x86.ActiveCfg = Release|Win32
		{4D3FD407-5143-481B-B2FC-6BAD7EE12F3D}.Release|x86.Build.0 = Release|Win32
		{6C4512DD-C737-4421-BA54-A9EF8D6EC432}.Debug|x64.ActiveCfg = Debug|x64
		{6C4512DD-C737-4421-BA54-A9EF8D6EC432}.Debug|x64.Build.0 = Debug|x64
		{6C4512DD-C737-4421-BA54-A9EF8D6EC432}.Debug|x86.ActiveCfg = Debug|Win32
		{6C4512DD-C737-4421-BA54-A9EF8D6EC432}.Debug|x86.Build.0 = Debug|Win32
		{6C4512DD-C737-4421-BA54-A9EF8D6EC432}.Release|x64.ActiveCfg = Release|x64
		{6C4512DD-C737-4421-BA54-A9EF8D6EC432}.Release|x64.Build.0 = Release|x64
		{6C4512DD-C737-4421-BA54-A9EF8D6EC432}.Release|x86.ActiveCfg = Release|Win32
		{6C4512DD-C737-4421-BA54-A9EF8D6EC432}.Release|x86.Build.0 = Release|Win32
		{155FFFFF-F58C-4620-822E-E901C8CC36AB}.Debug|x64.ActiveCfg = Debug|x64
		{155FFFFF-F58C-4620-822E-E901C8CC36AB}.Debug|x64.Build.0 = Debug|x64
		{155FFFFF-F58C-4620-822E-E901C8CC36AB}.Debug|x86.ActiveCfg = Debug|Win32
		{155FFFFF-F58C-4620-822E-E901C8CC36AB}.Debug|x86.Build.0 = Debug|Win32
		{155FFFFF-F58C-4620-822E-E901C8CC36AB}.Release|x64.ActiveCfg = Release|x64
		{155FFFFF-F58C-4620-822E-E901C8CC36AB}.Release|x64.Build.0 = Release|x64
		{155FFFFF-F58C-4620-822E-E901C8CC36AB}.Release|x86.ActiveCfg = Release|Win32
		{155FFFFF-F58C-4620-822E-E901C8CC36AB}.Release|x86.Build.0 = Release|Win32
		{0FF939AA-A8C5-472A-BDA3-85153E08192C}.Debug|x64.ActiveCfg = Debug|x64
		{0FF939AA-A8C5-472A-BDA3-85153E08192C}.Debug|x64.Build.0 = Debug|x64
		{0FF939AA-A8C5-472A-BDA3-85153E08192C}.Debug|x86.ActiveCfg = Debug|Win32
		{0FF939AA-A8C5-472A-BDA3-85153E08192C}.Debug|x86.Build.0 = Debug|Win32
		{0FF939AA-A8C5-472A-BDA3-85153E08192C}.Release|x64.ActiveCfg = Release|x64
		{0FF939AA-A8C5-472A-BDA3-85153E08192C}.Release|x64.Build.0 = Release|x64
		{0FF939AA-A8C5-472A-BDA3-85153E08192C}.Release|x86.ActiveCfg = Release|Win32
		{0FF939AA-A8C5-472A-BDA3-85153E08192C}.Release|x86.Build.0 = Release|Win32
		{507C4E1E-A7ED-4545-98A5-CEA54A689C20}.Debug|x64.ActiveCfg = Debug|x64
		{507C4E1E-A7ED-4545-98A5-CEA54A689C20}.Debug|x64.Build.0 = Debug|x64
		{507C4E1E-A7ED-4545-98A5-CEA54A689C20}.Debug|x86.ActiveCfg = Debug|Win32
		{507C4E1E-A7ED-4545-98A5-CEA54A689C20}.Debug|x86.Build.0 = Debug|Win32
		{507C4E1E-A7ED-4545-98A5-CEA54A689C20}.Release|x64.ActiveCfg = Release|x64
		{507C4E1E-A7ED-4545-98A5-CEA54A689C20}.Release|x64.Build.0 = Release|x64
		{507C4E1E-A7ED-4545-98A5-CEA54A689C20}.Release|x86.ActiveCfg = Release|Win32
		{507C4E1E-A7ED-4545-98A5-CEA54A689C20}.Release|x86.Build.0 = Release|Win32
		{CD79F3AF-EC0B-4A7F-9172-B91EBDC34B13}.Debug|x64.ActiveCfg = Debug|x64
		{CD79F3AF-EC0B-4A7F-9172-B91EBDC34B13}.Debug|x64.Build.0 = Debug|x64
		{CD79F3AF-EC0B-4A7F-9172-B91EBDC34B13}.Debug|x86.ActiveCfg = Debug|Win32
		{CD79F3AF-EC0B-4A7F-9172-B91EBDC34B13}.Debug|x86.Build.0 = Debug|Win32
		{CD79F3AF-EC0B-4A7F-9172-B91EBDC34B13}.Release|x64.ActiveCfg = Release|x64
		{CD79F3AF-EC0B-4A7F-9172-B91EBDC34B13}.Release|x64.Build.0 = Release|x64
		{CD79F3AF-EC0B-4A7F-9172-B91EBDC34B13}.Release|x86.ActiveCfg = Release|Win32
		{CD79F3AF-EC0B-4A7F-9172-B91EBDC34B13}.Release|x86.Build.0 = Release|Win32
		{B3D96E32-4F1D-44EF-A153-5A5BD32727FA}.Debug|x64.ActiveCfg = Debug|x64
		{B3D96E32-4F1D-44EF-A153-5A5BD32727FA}.Debug|x64.Build.0 = Debug|x64
		{B3D96E32-4F1D-44EF-A153-5A5BD32727FA}.Debug|x86.ActiveCfg = Debug|Win32
		{B3D96E32-4F1D-44EF-A153-5A5BD32727FA}.Debug|x86.Build.0 = Debug|Win32
		{B3D96E32-4F1D-44EF-A153-5A5BD32727FA}.Release|x64.ActiveCfg = Release|x64
		{B3D96E32-4F1D-44EF-A153-5A5BD32727FA}.Release|x64.Build.0 = Release|x64
		{B3D96E32-4F1D-44EF-A153-5A5BD32727FA}.Release|x86.ActiveCfg = Release|Win32
		{B3D96E32-4F1D-44EF-A153-5A5BD32727FA}.Release|x86.Build.0 = Release|Win32
	EndGlobalSection
	GlobalSection(SolutionProperties) = preSolution
		HideSolutionNode = FALSE
	EndGlobalSection
	GlobalSection(NestedProjects) = preSolution
		{26E5EEBA-E6BB-4649-A4CD-C80035A7A22C} = {E70F96C9-928A-4292-A117-96FF9C10C8CA}
		{38CB81D2-08F3-4E35-ADAB-7D421A72BB23} = {2D769E3C-BEDD-497C-B0A3-8FAA08D0BF8E}
		{C6E7189A-064A-41EA-8291-A198E42EFD3A} = {2D769E3C-BEDD-497C-B0A3-8FAA08D0BF8E}
		{AC089E2C-3EFE-4FC9-A972-A01E946B6FF8} = {2D769E3C-BEDD-497C-B0A3-8FAA08D0BF8E}
		{494DFA65-6825-42DB-BFDA-69CB16BB0F06} = {2D769E3C-BEDD-497C-B0A3-8FAA08D0BF8E}
		{8D50A82E-53FD-41E7-BF52-1FB016E015F7} = {C897D712-3229-40D8-804E-60425C7ECC23}
		{4F079FAF-82AC-4473-B27B-680D70702C8E} = {C897D712-3229-40D8-804E-60425C7ECC23}
		{92C9FBA8-4605-4C35-BE48-BAB6234A7CA2} = {C897D712-3229-40D8-804E-60425C7ECC23}
		{2544DA7C-7002-45E1-B03B-5CEAFFA51D3B} = {C897D712-3229-40D8-804E-60425C7ECC23}
		{4AE548D7-6A61-448F-A9E8-CBE5E90E5159} = {C897D712-3229-40D8-804E-60425C7ECC23}
		{347CDC84-08E7-4DD1-ABAA-5056C0D5944D} = {C897D712-3229-40D8-804E-60425C7ECC23}
		{BBEEF1A3-14F6-4EE6-AB40-8D1EB60F8A57} = {C897D712-3229-40D8-804E-60425C7ECC23}
		{A577A9E3-F7B3-4E90-8E72-F0730CE5FAD5} = {C897D712-3229-40D8-804E-60425C7ECC23}
		{863E8D38-C72F-4D5A-AAA7-B64A5E89C359} = {E72BA56A-BD88-4E4C-A464-1C9EB6FAE8B7}
		{2FC5ECD4-B573-413E-802D-0B27A79830FC} = {E72BA56A-BD88-4E4C-A464-1C9EB6FAE8B7}
		{4C194704-A6A6-4B7A-A394-223A93CB4990} = {E72BA56A-BD88-4E4C-A464-1C9EB6FAE8B7}
		{49813576-A334-4E34-9FFE-B6EB6342B162} = {E72BA56A-BD88-4E4C-A464-1C9EB6FAE8B7}
		{4D3FD407-5143-481B-B2FC-6BAD7EE12F3D} = {E72BA56A-BD88-4E4C-A464-1C9EB6FAE8B7}
		{6C4512DD-C737-4421-BA54-A9EF8D6EC432} = {E72BA56A-BD88-4E4C-A464-1C9EB6FAE8B7}
		{155FFFFF-F58C-4620-822E-E901C8CC36AB} = {E72BA56A-BD88-4E4C-A464-1C9EB6FAE8B7}
		{0FF939AA-A8C5-472A-BDA3-85153E08192C} = {E72BA56A-BD88-4E4C-A464-1C9EB6FAE8B7}
		{507C4E1E-A7ED-4545-98A5-CEA54A689C20} = {E72BA56A-BD88-4E4C-A464-1C9EB6FAE8B7}
		{CD79F3AF-EC0B-4A7F-9172-B91EBDC34B13} = {E72BA56A-BD88-4E4C-A464-1C9EB6FAE8B7}
		{B3D96E32-4F1D-44EF-A153-5A5BD32727FA} = {E72BA56A-BD88-4E4C-A464-1C9EB6FAE8B7}
	EndGlobalSection
EndGlobal
